// !$*UTF8*$!
{
	archiveVersion = 1;
	classes = {
	};
	objectVersion = 56;
	objects = {

/* Begin PBXBuildFile section */
		1B38E53A2BFDE11500CFD48B /* LiveActivityTestView.swift in Sources */ = {isa = PBXBuildFile; fileRef = 1B38E5392BFDE11500CFD48B /* LiveActivityTestView.swift */; };
		1B6530442BFB7C1600452ACB /* LiveTimeAttributes.swift in Sources */ = {isa = PBXBuildFile; fileRef = 1B6530432BFB7C1600452ACB /* LiveTimeAttributes.swift */; };
		1B65304C2BFB8A0C00452ACB /* WidgetKit.framework in Frameworks */ = {isa = PBXBuildFile; fileRef = 1B65304B2BFB8A0C00452ACB /* WidgetKit.framework */; };
		1B65304E2BFB8A0C00452ACB /* SwiftUI.framework in Frameworks */ = {isa = PBXBuildFile; fileRef = 1B65304D2BFB8A0C00452ACB /* SwiftUI.framework */; };
		1B6530512BFB8A0C00452ACB /* LiveTimeWidgetBundle.swift in Sources */ = {isa = PBXBuildFile; fileRef = 1B6530502BFB8A0C00452ACB /* LiveTimeWidgetBundle.swift */; };
		1B6530532BFB8A0C00452ACB /* LiveTimeWidget.swift in Sources */ = {isa = PBXBuildFile; fileRef = 1B6530522BFB8A0C00452ACB /* LiveTimeWidget.swift */; };
		1B6530552BFB8A0C00452ACB /* Assets.xcassets in Resources */ = {isa = PBXBuildFile; fileRef = 1B6530542BFB8A0C00452ACB /* Assets.xcassets */; };
		1B6530592BFB8A0C00452ACB /* LiveTimeWidgetExtension.appex in Embed Foundation Extensions */ = {isa = PBXBuildFile; fileRef = 1B6530492BFB8A0C00452ACB /* LiveTimeWidgetExtension.appex */; settings = {ATTRIBUTES = (RemoveHeadersOnCopy, ); }; };
		1B65305E2BFB8ACD00452ACB /* LiveTimeAttributes.swift in Sources */ = {isa = PBXBuildFile; fileRef = 1B6530432BFB7C1600452ACB /* LiveTimeAttributes.swift */; };
		21B273082BFB390C002BCC67 /* Model.swift in Sources */ = {isa = PBXBuildFile; fileRef = 21B273072BFB390C002BCC67 /* Model.swift */; };
		21B2730C2BFB7301002BCC67 /* SwiftDataTestView.swift in Sources */ = {isa = PBXBuildFile; fileRef = 21B2730B2BFB7301002BCC67 /* SwiftDataTestView.swift */; };
		21B2730E2BFB85E2002BCC67 /* Config.swift in Sources */ = {isa = PBXBuildFile; fileRef = 21B2730D2BFB85E2002BCC67 /* Config.swift */; };
		21B5E33B2BFCC83700D1FC06 /* PiriFirstView.swift in Sources */ = {isa = PBXBuildFile; fileRef = 21B5E33A2BFCC83700D1FC06 /* PiriFirstView.swift */; };
		21B5E33D2BFCDB3A00D1FC06 /* PiriSecondView.swift in Sources */ = {isa = PBXBuildFile; fileRef = 21B5E33C2BFCDB3A00D1FC06 /* PiriSecondView.swift */; };
		939C87E02BF307B600572EDC /* MC2_Team3_PillingApp.swift in Sources */ = {isa = PBXBuildFile; fileRef = 939C87DF2BF307B600572EDC /* MC2_Team3_PillingApp.swift */; };
		939C87E22BF307B600572EDC /* ContentView.swift in Sources */ = {isa = PBXBuildFile; fileRef = 939C87E12BF307B600572EDC /* ContentView.swift */; };
		939C87E42BF307B600572EDC /* Item.swift in Sources */ = {isa = PBXBuildFile; fileRef = 939C87E32BF307B600572EDC /* Item.swift */; };
		939C87E62BF307B800572EDC /* Assets.xcassets in Resources */ = {isa = PBXBuildFile; fileRef = 939C87E52BF307B800572EDC /* Assets.xcassets */; };
		939C87EA2BF307B800572EDC /* Preview Assets.xcassets in Resources */ = {isa = PBXBuildFile; fileRef = 939C87E92BF307B800572EDC /* Preview Assets.xcassets */; };
		939C882E2BF5CC9100572EDC /* OnboardingFirstView.swift in Sources */ = {isa = PBXBuildFile; fileRef = 939C882D2BF5CC9100572EDC /* OnboardingFirstView.swift */; };
		939C88302BF5CC9F00572EDC /* SettingView.swift in Sources */ = {isa = PBXBuildFile; fileRef = 939C882F2BF5CC9F00572EDC /* SettingView.swift */; };
		939C88322BF6B4AC00572EDC /* MedicineSheetView.swift in Sources */ = {isa = PBXBuildFile; fileRef = 939C88312BF6B4AC00572EDC /* MedicineSheetView.swift */; };
		939C88362BF6B9BC00572EDC /* OnboardingSecondView.swift in Sources */ = {isa = PBXBuildFile; fileRef = 939C88352BF6B9BC00572EDC /* OnboardingSecondView.swift */; };
		939C88382BF6DF7000572EDC /* SplashScreenView.swift in Sources */ = {isa = PBXBuildFile; fileRef = 939C88372BF6DF7000572EDC /* SplashScreenView.swift */; };
		939C88742BFBA01C00572EDC /* PopoverView.swift in Sources */ = {isa = PBXBuildFile; fileRef = 939C88732BFBA01C00572EDC /* PopoverView.swift */; };
		93EF92D62BFC4187004DEEF1 /* ChooseStatusView.swift in Sources */ = {isa = PBXBuildFile; fileRef = 93EF92D52BFC4187004DEEF1 /* ChooseStatusView.swift */; };
		9B0411762BF593A0006F8BB9 /* MainView.swift in Sources */ = {isa = PBXBuildFile; fileRef = 9B0411752BF593A0006F8BB9 /* MainView.swift */; };
		9BE4AA1D2BF6E280008BE893 /* CustomFont.swift in Sources */ = {isa = PBXBuildFile; fileRef = 9BE4AA1C2BF6E280008BE893 /* CustomFont.swift */; };
/* End PBXBuildFile section */

/* Begin PBXContainerItemProxy section */
		1B6530572BFB8A0C00452ACB /* PBXContainerItemProxy */ = {
			isa = PBXContainerItemProxy;
			containerPortal = 939C87D42BF307B600572EDC /* Project object */;
			proxyType = 1;
			remoteGlobalIDString = 1B6530482BFB8A0C00452ACB;
			remoteInfo = LiveTimeWidgetExtension;
		};
/* End PBXContainerItemProxy section */

/* Begin PBXCopyFilesBuildPhase section */
		1B65305D2BFB8A0C00452ACB /* Embed Foundation Extensions */ = {
			isa = PBXCopyFilesBuildPhase;
			buildActionMask = 2147483647;
			dstPath = "";
			dstSubfolderSpec = 13;
			files = (
				1B6530592BFB8A0C00452ACB /* LiveTimeWidgetExtension.appex in Embed Foundation Extensions */,
			);
			name = "Embed Foundation Extensions";
			runOnlyForDeploymentPostprocessing = 0;
		};
/* End PBXCopyFilesBuildPhase section */

/* Begin PBXFileReference section */
		1B38E5392BFDE11500CFD48B /* LiveActivityTestView.swift */ = {isa = PBXFileReference; lastKnownFileType = sourcecode.swift; path = LiveActivityTestView.swift; sourceTree = "<group>"; };
		1B6530432BFB7C1600452ACB /* LiveTimeAttributes.swift */ = {isa = PBXFileReference; lastKnownFileType = sourcecode.swift; path = LiveTimeAttributes.swift; sourceTree = "<group>"; };
		1B6530492BFB8A0C00452ACB /* LiveTimeWidgetExtension.appex */ = {isa = PBXFileReference; explicitFileType = "wrapper.app-extension"; includeInIndex = 0; path = LiveTimeWidgetExtension.appex; sourceTree = BUILT_PRODUCTS_DIR; };
		1B65304B2BFB8A0C00452ACB /* WidgetKit.framework */ = {isa = PBXFileReference; lastKnownFileType = wrapper.framework; name = WidgetKit.framework; path = System/Library/Frameworks/WidgetKit.framework; sourceTree = SDKROOT; };
		1B65304D2BFB8A0C00452ACB /* SwiftUI.framework */ = {isa = PBXFileReference; lastKnownFileType = wrapper.framework; name = SwiftUI.framework; path = System/Library/Frameworks/SwiftUI.framework; sourceTree = SDKROOT; };
		1B6530502BFB8A0C00452ACB /* LiveTimeWidgetBundle.swift */ = {isa = PBXFileReference; lastKnownFileType = sourcecode.swift; path = LiveTimeWidgetBundle.swift; sourceTree = "<group>"; };
		1B6530522BFB8A0C00452ACB /* LiveTimeWidget.swift */ = {isa = PBXFileReference; lastKnownFileType = sourcecode.swift; path = LiveTimeWidget.swift; sourceTree = "<group>"; };
		1B6530542BFB8A0C00452ACB /* Assets.xcassets */ = {isa = PBXFileReference; lastKnownFileType = folder.assetcatalog; path = Assets.xcassets; sourceTree = "<group>"; };
		1B6530562BFB8A0C00452ACB /* Info.plist */ = {isa = PBXFileReference; lastKnownFileType = text.plist.xml; path = Info.plist; sourceTree = "<group>"; };
		21B273072BFB390C002BCC67 /* Model.swift */ = {isa = PBXFileReference; lastKnownFileType = sourcecode.swift; path = Model.swift; sourceTree = "<group>"; };
		21B2730B2BFB7301002BCC67 /* SwiftDataTestView.swift */ = {isa = PBXFileReference; lastKnownFileType = sourcecode.swift; path = SwiftDataTestView.swift; sourceTree = "<group>"; };
		21B2730D2BFB85E2002BCC67 /* Config.swift */ = {isa = PBXFileReference; lastKnownFileType = sourcecode.swift; path = Config.swift; sourceTree = "<group>"; };
		21B5E33A2BFCC83700D1FC06 /* PiriFirstView.swift */ = {isa = PBXFileReference; lastKnownFileType = sourcecode.swift; path = PiriFirstView.swift; sourceTree = "<group>"; };
		21B5E33C2BFCDB3A00D1FC06 /* PiriSecondView.swift */ = {isa = PBXFileReference; lastKnownFileType = sourcecode.swift; path = PiriSecondView.swift; sourceTree = "<group>"; };
		939C87DC2BF307B600572EDC /* MC2-Team3-Pilling.app */ = {isa = PBXFileReference; explicitFileType = wrapper.application; includeInIndex = 0; path = "MC2-Team3-Pilling.app"; sourceTree = BUILT_PRODUCTS_DIR; };
		939C87DF2BF307B600572EDC /* MC2_Team3_PillingApp.swift */ = {isa = PBXFileReference; lastKnownFileType = sourcecode.swift; path = MC2_Team3_PillingApp.swift; sourceTree = "<group>"; };
		939C87E12BF307B600572EDC /* ContentView.swift */ = {isa = PBXFileReference; lastKnownFileType = sourcecode.swift; path = ContentView.swift; sourceTree = "<group>"; };
		939C87E32BF307B600572EDC /* Item.swift */ = {isa = PBXFileReference; lastKnownFileType = sourcecode.swift; path = Item.swift; sourceTree = "<group>"; };
		939C87E52BF307B800572EDC /* Assets.xcassets */ = {isa = PBXFileReference; lastKnownFileType = folder.assetcatalog; path = Assets.xcassets; sourceTree = "<group>"; };
		939C87E72BF307B800572EDC /* MC2_Team3_Pilling.entitlements */ = {isa = PBXFileReference; lastKnownFileType = text.plist.entitlements; path = MC2_Team3_Pilling.entitlements; sourceTree = "<group>"; };
		939C87E92BF307B800572EDC /* Preview Assets.xcassets */ = {isa = PBXFileReference; lastKnownFileType = folder.assetcatalog; path = "Preview Assets.xcassets"; sourceTree = "<group>"; };
		939C882D2BF5CC9100572EDC /* OnboardingFirstView.swift */ = {isa = PBXFileReference; lastKnownFileType = sourcecode.swift; path = OnboardingFirstView.swift; sourceTree = "<group>"; };
		939C882F2BF5CC9F00572EDC /* SettingView.swift */ = {isa = PBXFileReference; lastKnownFileType = sourcecode.swift; path = SettingView.swift; sourceTree = "<group>"; };
		939C88312BF6B4AC00572EDC /* MedicineSheetView.swift */ = {isa = PBXFileReference; lastKnownFileType = sourcecode.swift; path = MedicineSheetView.swift; sourceTree = "<group>"; };
		939C88352BF6B9BC00572EDC /* OnboardingSecondView.swift */ = {isa = PBXFileReference; lastKnownFileType = sourcecode.swift; path = OnboardingSecondView.swift; sourceTree = "<group>"; };
		939C88372BF6DF7000572EDC /* SplashScreenView.swift */ = {isa = PBXFileReference; lastKnownFileType = sourcecode.swift; path = SplashScreenView.swift; sourceTree = "<group>"; };
		939C88732BFBA01C00572EDC /* PopoverView.swift */ = {isa = PBXFileReference; lastKnownFileType = sourcecode.swift; path = PopoverView.swift; sourceTree = "<group>"; };
		93EF92D52BFC4187004DEEF1 /* ChooseStatusView.swift */ = {isa = PBXFileReference; lastKnownFileType = sourcecode.swift; path = ChooseStatusView.swift; sourceTree = "<group>"; };
		9B0411752BF593A0006F8BB9 /* MainView.swift */ = {isa = PBXFileReference; lastKnownFileType = sourcecode.swift; path = MainView.swift; sourceTree = "<group>"; };
		9BE4AA1C2BF6E280008BE893 /* CustomFont.swift */ = {isa = PBXFileReference; lastKnownFileType = sourcecode.swift; path = CustomFont.swift; sourceTree = "<group>"; };
/* End PBXFileReference section */

/* Begin PBXFrameworksBuildPhase section */
		1B6530462BFB8A0C00452ACB /* Frameworks */ = {
			isa = PBXFrameworksBuildPhase;
			buildActionMask = 2147483647;
			files = (
				1B65304E2BFB8A0C00452ACB /* SwiftUI.framework in Frameworks */,
				1B65304C2BFB8A0C00452ACB /* WidgetKit.framework in Frameworks */,
			);
			runOnlyForDeploymentPostprocessing = 0;
		};
		939C87D92BF307B600572EDC /* Frameworks */ = {
			isa = PBXFrameworksBuildPhase;
			buildActionMask = 2147483647;
			files = (
			);
			runOnlyForDeploymentPostprocessing = 0;
		};
/* End PBXFrameworksBuildPhase section */

/* Begin PBXGroup section */
		1B65304A2BFB8A0C00452ACB /* Frameworks */ = {
			isa = PBXGroup;
			children = (
				1B65304B2BFB8A0C00452ACB /* WidgetKit.framework */,
				1B65304D2BFB8A0C00452ACB /* SwiftUI.framework */,
			);
			name = Frameworks;
			sourceTree = "<group>";
		};
		1B65304F2BFB8A0C00452ACB /* LiveTimeWidget */ = {
			isa = PBXGroup;
			children = (
				1B6530502BFB8A0C00452ACB /* LiveTimeWidgetBundle.swift */,
				1B6530522BFB8A0C00452ACB /* LiveTimeWidget.swift */,
				1B6530542BFB8A0C00452ACB /* Assets.xcassets */,
				1B6530562BFB8A0C00452ACB /* Info.plist */,
			);
			path = LiveTimeWidget;
			sourceTree = "<group>";
		};
		219E17582BF6ED79007B7DC1 /* View */ = {
			isa = PBXGroup;
			children = (
				93EF92D52BFC4187004DEEF1 /* ChooseStatusView.swift */,
				939C87E12BF307B600572EDC /* ContentView.swift */,
				1B38E5392BFDE11500CFD48B /* LiveActivityTestView.swift */,
				9B0411752BF593A0006F8BB9 /* MainView.swift */,
				939C88312BF6B4AC00572EDC /* MedicineSheetView.swift */,
				939C882D2BF5CC9100572EDC /* OnboardingFirstView.swift */,
				939C88352BF6B9BC00572EDC /* OnboardingSecondView.swift */,
				21B5E33A2BFCC83700D1FC06 /* PiriFirstView.swift */,
				21B5E33C2BFCDB3A00D1FC06 /* PiriSecondView.swift */,
				939C88732BFBA01C00572EDC /* PopoverView.swift */,
				939C882F2BF5CC9F00572EDC /* SettingView.swift */,
				939C88372BF6DF7000572EDC /* SplashScreenView.swift */,
				21B2730B2BFB7301002BCC67 /* SwiftDataTestView.swift */,
			);
			path = View;
			sourceTree = "<group>";
		};
		219E17592BF6ED88007B7DC1 /* Model */ = {
			isa = PBXGroup;
			children = (
				21B2730D2BFB85E2002BCC67 /* Config.swift */,
				939C87E32BF307B600572EDC /* Item.swift */,
				1B6530432BFB7C1600452ACB /* LiveTimeAttributes.swift */,
				21B273072BFB390C002BCC67 /* Model.swift */,
			);
			path = Model;
			sourceTree = "<group>";
		};
		219E175A2BF6EDA4007B7DC1 /* Extentsion */ = {
			isa = PBXGroup;
			children = (
				9BE4AA1C2BF6E280008BE893 /* CustomFont.swift */,
			);
			path = Extentsion;
			sourceTree = "<group>";
		};
		939C87D32BF307B600572EDC = {
			isa = PBXGroup;
			children = (
				939C87DE2BF307B600572EDC /* MC2-Team3-Pilling */,
				1B65304F2BFB8A0C00452ACB /* LiveTimeWidget */,
				1B65304A2BFB8A0C00452ACB /* Frameworks */,
				939C87DD2BF307B600572EDC /* Products */,
			);
			sourceTree = "<group>";
		};
		939C87DD2BF307B600572EDC /* Products */ = {
			isa = PBXGroup;
			children = (
				939C87DC2BF307B600572EDC /* MC2-Team3-Pilling.app */,
				1B6530492BFB8A0C00452ACB /* LiveTimeWidgetExtension.appex */,
			);
			name = Products;
			sourceTree = "<group>";
		};
		939C87DE2BF307B600572EDC /* MC2-Team3-Pilling */ = {
			isa = PBXGroup;
			children = (
				939C87DF2BF307B600572EDC /* MC2_Team3_PillingApp.swift */,
				219E17582BF6ED79007B7DC1 /* View */,
				219E17592BF6ED88007B7DC1 /* Model */,
				219E175A2BF6EDA4007B7DC1 /* Extentsion */,
				939C87E52BF307B800572EDC /* Assets.xcassets */,
				939C87E72BF307B800572EDC /* MC2_Team3_Pilling.entitlements */,
				939C87E82BF307B800572EDC /* Preview Content */,
			);
			path = "MC2-Team3-Pilling";
			sourceTree = "<group>";
		};
		939C87E82BF307B800572EDC /* Preview Content */ = {
			isa = PBXGroup;
			children = (
				939C87E92BF307B800572EDC /* Preview Assets.xcassets */,
			);
			path = "Preview Content";
			sourceTree = "<group>";
		};
/* End PBXGroup section */

/* Begin PBXNativeTarget section */
		1B6530482BFB8A0C00452ACB /* LiveTimeWidgetExtension */ = {
			isa = PBXNativeTarget;
			buildConfigurationList = 1B65305A2BFB8A0C00452ACB /* Build configuration list for PBXNativeTarget "LiveTimeWidgetExtension" */;
			buildPhases = (
				1B6530452BFB8A0C00452ACB /* Sources */,
				1B6530462BFB8A0C00452ACB /* Frameworks */,
				1B6530472BFB8A0C00452ACB /* Resources */,
			);
			buildRules = (
			);
			dependencies = (
			);
			name = LiveTimeWidgetExtension;
			productName = LiveTimeWidgetExtension;
			productReference = 1B6530492BFB8A0C00452ACB /* LiveTimeWidgetExtension.appex */;
			productType = "com.apple.product-type.app-extension";
		};
		939C87DB2BF307B600572EDC /* MC2-Team3-Pilling */ = {
			isa = PBXNativeTarget;
			buildConfigurationList = 939C87ED2BF307B800572EDC /* Build configuration list for PBXNativeTarget "MC2-Team3-Pilling" */;
			buildPhases = (
				939C87D82BF307B600572EDC /* Sources */,
				939C87D92BF307B600572EDC /* Frameworks */,
				939C87DA2BF307B600572EDC /* Resources */,
				1B65305D2BFB8A0C00452ACB /* Embed Foundation Extensions */,
			);
			buildRules = (
			);
			dependencies = (
				1B6530582BFB8A0C00452ACB /* PBXTargetDependency */,
			);
			name = "MC2-Team3-Pilling";
			productName = "MC2-Team3-Pilling";
			productReference = 939C87DC2BF307B600572EDC /* MC2-Team3-Pilling.app */;
			productType = "com.apple.product-type.application";
		};
/* End PBXNativeTarget section */

/* Begin PBXProject section */
		939C87D42BF307B600572EDC /* Project object */ = {
			isa = PBXProject;
			attributes = {
				BuildIndependentTargetsInParallel = 1;
				LastSwiftUpdateCheck = 1530;
				LastUpgradeCheck = 1520;
				TargetAttributes = {
					1B6530482BFB8A0C00452ACB = {
						CreatedOnToolsVersion = 15.3;
					};
					939C87DB2BF307B600572EDC = {
						CreatedOnToolsVersion = 15.2;
					};
				};
			};
			buildConfigurationList = 939C87D72BF307B600572EDC /* Build configuration list for PBXProject "MC2-Team3-Pilling" */;
			compatibilityVersion = "Xcode 14.0";
			developmentRegion = en;
			hasScannedForEncodings = 0;
			knownRegions = (
				en,
				Base,
			);
			mainGroup = 939C87D32BF307B600572EDC;
			productRefGroup = 939C87DD2BF307B600572EDC /* Products */;
			projectDirPath = "";
			projectRoot = "";
			targets = (
				939C87DB2BF307B600572EDC /* MC2-Team3-Pilling */,
				1B6530482BFB8A0C00452ACB /* LiveTimeWidgetExtension */,
			);
		};
/* End PBXProject section */

/* Begin PBXResourcesBuildPhase section */
		1B6530472BFB8A0C00452ACB /* Resources */ = {
			isa = PBXResourcesBuildPhase;
			buildActionMask = 2147483647;
			files = (
				1B6530552BFB8A0C00452ACB /* Assets.xcassets in Resources */,
			);
			runOnlyForDeploymentPostprocessing = 0;
		};
		939C87DA2BF307B600572EDC /* Resources */ = {
			isa = PBXResourcesBuildPhase;
			buildActionMask = 2147483647;
			files = (
				939C87EA2BF307B800572EDC /* Preview Assets.xcassets in Resources */,
				939C87E62BF307B800572EDC /* Assets.xcassets in Resources */,
			);
			runOnlyForDeploymentPostprocessing = 0;
		};
/* End PBXResourcesBuildPhase section */

/* Begin PBXSourcesBuildPhase section */
		1B6530452BFB8A0C00452ACB /* Sources */ = {
			isa = PBXSourcesBuildPhase;
			buildActionMask = 2147483647;
			files = (
				1B65305E2BFB8ACD00452ACB /* LiveTimeAttributes.swift in Sources */,
				1B6530532BFB8A0C00452ACB /* LiveTimeWidget.swift in Sources */,
				1B6530512BFB8A0C00452ACB /* LiveTimeWidgetBundle.swift in Sources */,
			);
			runOnlyForDeploymentPostprocessing = 0;
		};
		939C87D82BF307B600572EDC /* Sources */ = {
			isa = PBXSourcesBuildPhase;
			buildActionMask = 2147483647;
			files = (
				1B38E53A2BFDE11500CFD48B /* LiveActivityTestView.swift in Sources */,
				21B5E33B2BFCC83700D1FC06 /* PiriFirstView.swift in Sources */,
				939C87E22BF307B600572EDC /* ContentView.swift in Sources */,
				93EF92D62BFC4187004DEEF1 /* ChooseStatusView.swift in Sources */,
				939C882E2BF5CC9100572EDC /* OnboardingFirstView.swift in Sources */,
				9B0411762BF593A0006F8BB9 /* MainView.swift in Sources */,
				21B2730E2BFB85E2002BCC67 /* Config.swift in Sources */,
				21B273082BFB390C002BCC67 /* Model.swift in Sources */,
				939C88362BF6B9BC00572EDC /* OnboardingSecondView.swift in Sources */,
				939C88302BF5CC9F00572EDC /* SettingView.swift in Sources */,
				939C88742BFBA01C00572EDC /* PopoverView.swift in Sources */,
				21B5E33D2BFCDB3A00D1FC06 /* PiriSecondView.swift in Sources */,
				21B2730C2BFB7301002BCC67 /* SwiftDataTestView.swift in Sources */,
				939C87E42BF307B600572EDC /* Item.swift in Sources */,
				9BE4AA1D2BF6E280008BE893 /* CustomFont.swift in Sources */,
				939C88382BF6DF7000572EDC /* SplashScreenView.swift in Sources */,
				1B6530442BFB7C1600452ACB /* LiveTimeAttributes.swift in Sources */,
				939C88322BF6B4AC00572EDC /* MedicineSheetView.swift in Sources */,
				939C87E02BF307B600572EDC /* MC2_Team3_PillingApp.swift in Sources */,
			);
			runOnlyForDeploymentPostprocessing = 0;
		};
/* End PBXSourcesBuildPhase section */

/* Begin PBXTargetDependency section */
		1B6530582BFB8A0C00452ACB /* PBXTargetDependency */ = {
			isa = PBXTargetDependency;
			target = 1B6530482BFB8A0C00452ACB /* LiveTimeWidgetExtension */;
			targetProxy = 1B6530572BFB8A0C00452ACB /* PBXContainerItemProxy */;
		};
/* End PBXTargetDependency section */

/* Begin XCBuildConfiguration section */
		1B65305B2BFB8A0C00452ACB /* Debug */ = {
			isa = XCBuildConfiguration;
			buildSettings = {
				ASSETCATALOG_COMPILER_GLOBAL_ACCENT_COLOR_NAME = AccentColor;
				ASSETCATALOG_COMPILER_WIDGET_BACKGROUND_COLOR_NAME = WidgetBackground;
				CODE_SIGN_STYLE = Automatic;
				CURRENT_PROJECT_VERSION = 1;


				DEVELOPMENT_TEAM = 62WZR6T98R;
				GENERATE_INFOPLIST_FILE = YES;
				INFOPLIST_FILE = LiveTimeWidget/Info.plist;
				INFOPLIST_KEY_CFBundleDisplayName = LiveTimeWidget;
				INFOPLIST_KEY_NSHumanReadableCopyright = "";
				IPHONEOS_DEPLOYMENT_TARGET = 17.2;
				LD_RUNPATH_SEARCH_PATHS = (
					"$(inherited)",
					"@executable_path/Frameworks",
					"@executable_path/../../Frameworks",
				);
				MARKETING_VERSION = 1.0;
				PRODUCT_BUNDLE_IDENTIFIER = "com.Pilltastic.MC2-Team3-Pilling.LiveTimeWidget";
				PRODUCT_NAME = "$(TARGET_NAME)";
				SDKROOT = iphoneos;
				SKIP_INSTALL = YES;
				SWIFT_EMIT_LOC_STRINGS = YES;
				SWIFT_VERSION = 5.0;
				TARGETED_DEVICE_FAMILY = "1,2";
			};
			name = Debug;
		};
		1B65305C2BFB8A0C00452ACB /* Release */ = {
			isa = XCBuildConfiguration;
			buildSettings = {
				ASSETCATALOG_COMPILER_GLOBAL_ACCENT_COLOR_NAME = AccentColor;
				ASSETCATALOG_COMPILER_WIDGET_BACKGROUND_COLOR_NAME = WidgetBackground;
				CODE_SIGN_STYLE = Automatic;
				CURRENT_PROJECT_VERSION = 1;

				DEVELOPMENT_TEAM = 62WZR6T98R;
				GENERATE_INFOPLIST_FILE = YES;
				INFOPLIST_FILE = LiveTimeWidget/Info.plist;
				INFOPLIST_KEY_CFBundleDisplayName = LiveTimeWidget;
				INFOPLIST_KEY_NSHumanReadableCopyright = "";
				IPHONEOS_DEPLOYMENT_TARGET = 17.2;
				LD_RUNPATH_SEARCH_PATHS = (
					"$(inherited)",
					"@executable_path/Frameworks",
					"@executable_path/../../Frameworks",
				);
				MARKETING_VERSION = 1.0;
				PRODUCT_BUNDLE_IDENTIFIER = "com.Pilltastic.MC2-Team3-Pilling.LiveTimeWidget";
				PRODUCT_NAME = "$(TARGET_NAME)";
				SDKROOT = iphoneos;
				SKIP_INSTALL = YES;
				SWIFT_EMIT_LOC_STRINGS = YES;
				SWIFT_VERSION = 5.0;
				TARGETED_DEVICE_FAMILY = "1,2";
				VALIDATE_PRODUCT = YES;
			};
			name = Release;
		};
		939C87EB2BF307B800572EDC /* Debug */ = {
			isa = XCBuildConfiguration;
			buildSettings = {
				ALWAYS_SEARCH_USER_PATHS = NO;
				ASSETCATALOG_COMPILER_GENERATE_SWIFT_ASSET_SYMBOL_EXTENSIONS = YES;
				CLANG_ANALYZER_NONNULL = YES;
				CLANG_ANALYZER_NUMBER_OBJECT_CONVERSION = YES_AGGRESSIVE;
				CLANG_CXX_LANGUAGE_STANDARD = "gnu++20";
				CLANG_ENABLE_MODULES = YES;
				CLANG_ENABLE_OBJC_ARC = YES;
				CLANG_ENABLE_OBJC_WEAK = YES;
				CLANG_WARN_BLOCK_CAPTURE_AUTORELEASING = YES;
				CLANG_WARN_BOOL_CONVERSION = YES;
				CLANG_WARN_COMMA = YES;
				CLANG_WARN_CONSTANT_CONVERSION = YES;
				CLANG_WARN_DEPRECATED_OBJC_IMPLEMENTATIONS = YES;
				CLANG_WARN_DIRECT_OBJC_ISA_USAGE = YES_ERROR;
				CLANG_WARN_DOCUMENTATION_COMMENTS = YES;
				CLANG_WARN_EMPTY_BODY = YES;
				CLANG_WARN_ENUM_CONVERSION = YES;
				CLANG_WARN_INFINITE_RECURSION = YES;
				CLANG_WARN_INT_CONVERSION = YES;
				CLANG_WARN_NON_LITERAL_NULL_CONVERSION = YES;
				CLANG_WARN_OBJC_IMPLICIT_RETAIN_SELF = YES;
				CLANG_WARN_OBJC_LITERAL_CONVERSION = YES;
				CLANG_WARN_OBJC_ROOT_CLASS = YES_ERROR;
				CLANG_WARN_QUOTED_INCLUDE_IN_FRAMEWORK_HEADER = YES;
				CLANG_WARN_RANGE_LOOP_ANALYSIS = YES;
				CLANG_WARN_STRICT_PROTOTYPES = YES;
				CLANG_WARN_SUSPICIOUS_MOVE = YES;
				CLANG_WARN_UNGUARDED_AVAILABILITY = YES_AGGRESSIVE;
				CLANG_WARN_UNREACHABLE_CODE = YES;
				CLANG_WARN__DUPLICATE_METHOD_MATCH = YES;
				COPY_PHASE_STRIP = NO;
				DEBUG_INFORMATION_FORMAT = dwarf;
				ENABLE_STRICT_OBJC_MSGSEND = YES;
				ENABLE_TESTABILITY = YES;
				ENABLE_USER_SCRIPT_SANDBOXING = YES;
				GCC_C_LANGUAGE_STANDARD = gnu17;
				GCC_DYNAMIC_NO_PIC = NO;
				GCC_NO_COMMON_BLOCKS = YES;
				GCC_OPTIMIZATION_LEVEL = 0;
				GCC_PREPROCESSOR_DEFINITIONS = (
					"DEBUG=1",
					"$(inherited)",
				);
				GCC_WARN_64_TO_32_BIT_CONVERSION = YES;
				GCC_WARN_ABOUT_RETURN_TYPE = YES_ERROR;
				GCC_WARN_UNDECLARED_SELECTOR = YES;
				GCC_WARN_UNINITIALIZED_AUTOS = YES_AGGRESSIVE;
				GCC_WARN_UNUSED_FUNCTION = YES;
				GCC_WARN_UNUSED_VARIABLE = YES;
				LOCALIZATION_PREFERS_STRING_CATALOGS = YES;
				MTL_ENABLE_DEBUG_INFO = INCLUDE_SOURCE;
				MTL_FAST_MATH = YES;
				ONLY_ACTIVE_ARCH = YES;
				SWIFT_ACTIVE_COMPILATION_CONDITIONS = "DEBUG $(inherited)";
				SWIFT_OPTIMIZATION_LEVEL = "-Onone";
			};
			name = Debug;
		};
		939C87EC2BF307B800572EDC /* Release */ = {
			isa = XCBuildConfiguration;
			buildSettings = {
				ALWAYS_SEARCH_USER_PATHS = NO;
				ASSETCATALOG_COMPILER_GENERATE_SWIFT_ASSET_SYMBOL_EXTENSIONS = YES;
				CLANG_ANALYZER_NONNULL = YES;
				CLANG_ANALYZER_NUMBER_OBJECT_CONVERSION = YES_AGGRESSIVE;
				CLANG_CXX_LANGUAGE_STANDARD = "gnu++20";
				CLANG_ENABLE_MODULES = YES;
				CLANG_ENABLE_OBJC_ARC = YES;
				CLANG_ENABLE_OBJC_WEAK = YES;
				CLANG_WARN_BLOCK_CAPTURE_AUTORELEASING = YES;
				CLANG_WARN_BOOL_CONVERSION = YES;
				CLANG_WARN_COMMA = YES;
				CLANG_WARN_CONSTANT_CONVERSION = YES;
				CLANG_WARN_DEPRECATED_OBJC_IMPLEMENTATIONS = YES;
				CLANG_WARN_DIRECT_OBJC_ISA_USAGE = YES_ERROR;
				CLANG_WARN_DOCUMENTATION_COMMENTS = YES;
				CLANG_WARN_EMPTY_BODY = YES;
				CLANG_WARN_ENUM_CONVERSION = YES;
				CLANG_WARN_INFINITE_RECURSION = YES;
				CLANG_WARN_INT_CONVERSION = YES;
				CLANG_WARN_NON_LITERAL_NULL_CONVERSION = YES;
				CLANG_WARN_OBJC_IMPLICIT_RETAIN_SELF = YES;
				CLANG_WARN_OBJC_LITERAL_CONVERSION = YES;
				CLANG_WARN_OBJC_ROOT_CLASS = YES_ERROR;
				CLANG_WARN_QUOTED_INCLUDE_IN_FRAMEWORK_HEADER = YES;
				CLANG_WARN_RANGE_LOOP_ANALYSIS = YES;
				CLANG_WARN_STRICT_PROTOTYPES = YES;
				CLANG_WARN_SUSPICIOUS_MOVE = YES;
				CLANG_WARN_UNGUARDED_AVAILABILITY = YES_AGGRESSIVE;
				CLANG_WARN_UNREACHABLE_CODE = YES;
				CLANG_WARN__DUPLICATE_METHOD_MATCH = YES;
				COPY_PHASE_STRIP = NO;
				DEBUG_INFORMATION_FORMAT = "dwarf-with-dsym";
				ENABLE_NS_ASSERTIONS = NO;
				ENABLE_STRICT_OBJC_MSGSEND = YES;
				ENABLE_USER_SCRIPT_SANDBOXING = YES;
				GCC_C_LANGUAGE_STANDARD = gnu17;
				GCC_NO_COMMON_BLOCKS = YES;
				GCC_WARN_64_TO_32_BIT_CONVERSION = YES;
				GCC_WARN_ABOUT_RETURN_TYPE = YES_ERROR;
				GCC_WARN_UNDECLARED_SELECTOR = YES;
				GCC_WARN_UNINITIALIZED_AUTOS = YES_AGGRESSIVE;
				GCC_WARN_UNUSED_FUNCTION = YES;
				GCC_WARN_UNUSED_VARIABLE = YES;
				LOCALIZATION_PREFERS_STRING_CATALOGS = YES;
				MTL_ENABLE_DEBUG_INFO = NO;
				MTL_FAST_MATH = YES;
				SWIFT_COMPILATION_MODE = wholemodule;
			};
			name = Release;
		};
		939C87EE2BF307B800572EDC /* Debug */ = {
			isa = XCBuildConfiguration;
			buildSettings = {
				ALWAYS_EMBED_SWIFT_STANDARD_LIBRARIES = YES;
				ASSETCATALOG_COMPILER_APPICON_NAME = AppIcon;
				ASSETCATALOG_COMPILER_GLOBAL_ACCENT_COLOR_NAME = AccentColor;
				CODE_SIGN_ENTITLEMENTS = "MC2-Team3-Pilling/MC2_Team3_Pilling.entitlements";
				CODE_SIGN_STYLE = Automatic;
				CURRENT_PROJECT_VERSION = 1;
				DEVELOPMENT_ASSET_PATHS = "\"MC2-Team3-Pilling/Preview Content\"";
				DEVELOPMENT_TEAM = 62WZR6T98R;
				ENABLE_HARDENED_RUNTIME = YES;
				ENABLE_PREVIEWS = YES;
				GENERATE_INFOPLIST_FILE = YES;
				INFOPLIST_KEY_NSSupportsLiveActivities = YES;
				"INFOPLIST_KEY_UIApplicationSceneManifest_Generation[sdk=iphoneos*]" = YES;
				"INFOPLIST_KEY_UIApplicationSceneManifest_Generation[sdk=iphonesimulator*]" = YES;
				"INFOPLIST_KEY_UIApplicationSupportsIndirectInputEvents[sdk=iphoneos*]" = YES;
				"INFOPLIST_KEY_UIApplicationSupportsIndirectInputEvents[sdk=iphonesimulator*]" = YES;
				"INFOPLIST_KEY_UILaunchScreen_Generation[sdk=iphoneos*]" = YES;
				"INFOPLIST_KEY_UILaunchScreen_Generation[sdk=iphonesimulator*]" = YES;
				"INFOPLIST_KEY_UIStatusBarStyle[sdk=iphoneos*]" = UIStatusBarStyleDefault;
				"INFOPLIST_KEY_UIStatusBarStyle[sdk=iphonesimulator*]" = UIStatusBarStyleDefault;
				INFOPLIST_KEY_UISupportedInterfaceOrientations_iPad = "UIInterfaceOrientationPortrait UIInterfaceOrientationPortraitUpsideDown UIInterfaceOrientationLandscapeLeft UIInterfaceOrientationLandscapeRight";
				INFOPLIST_KEY_UISupportedInterfaceOrientations_iPhone = "UIInterfaceOrientationPortrait UIInterfaceOrientationLandscapeLeft UIInterfaceOrientationLandscapeRight";
				IPHONEOS_DEPLOYMENT_TARGET = 17.2;
				LD_RUNPATH_SEARCH_PATHS = "@executable_path/Frameworks";
				"LD_RUNPATH_SEARCH_PATHS[sdk=macosx*]" = "@executable_path/../Frameworks";
				MACOSX_DEPLOYMENT_TARGET = 14.0;
				MARKETING_VERSION = 1.0;
				PRODUCT_BUNDLE_IDENTIFIER = "com.Pilltastic.MC2-Team3-Pilling";
				PRODUCT_NAME = "$(TARGET_NAME)";
				SDKROOT = auto;
				SUPPORTED_PLATFORMS = "iphoneos iphonesimulator macosx";
				SWIFT_EMIT_LOC_STRINGS = YES;
				SWIFT_VERSION = 5.0;
				TARGETED_DEVICE_FAMILY = "1,2";
			};
			name = Debug;
		};
		939C87EF2BF307B800572EDC /* Release */ = {
			isa = XCBuildConfiguration;
			buildSettings = {
				ALWAYS_EMBED_SWIFT_STANDARD_LIBRARIES = YES;
				ASSETCATALOG_COMPILER_APPICON_NAME = AppIcon;
				ASSETCATALOG_COMPILER_GLOBAL_ACCENT_COLOR_NAME = AccentColor;
				CODE_SIGN_ENTITLEMENTS = "MC2-Team3-Pilling/MC2_Team3_Pilling.entitlements";
				CODE_SIGN_STYLE = Automatic;
				CURRENT_PROJECT_VERSION = 1;
				DEVELOPMENT_ASSET_PATHS = "\"MC2-Team3-Pilling/Preview Content\"";
				DEVELOPMENT_TEAM = 62WZR6T98R;
				ENABLE_HARDENED_RUNTIME = YES;
				ENABLE_PREVIEWS = YES;
				GENERATE_INFOPLIST_FILE = YES;
				INFOPLIST_KEY_NSSupportsLiveActivities = YES;
				"INFOPLIST_KEY_UIApplicationSceneManifest_Generation[sdk=iphoneos*]" = YES;
				"INFOPLIST_KEY_UIApplicationSceneManifest_Generation[sdk=iphonesimulator*]" = YES;
				"INFOPLIST_KEY_UIApplicationSupportsIndirectInputEvents[sdk=iphoneos*]" = YES;
				"INFOPLIST_KEY_UIApplicationSupportsIndirectInputEvents[sdk=iphonesimulator*]" = YES;
				"INFOPLIST_KEY_UILaunchScreen_Generation[sdk=iphoneos*]" = YES;
				"INFOPLIST_KEY_UILaunchScreen_Generation[sdk=iphonesimulator*]" = YES;
				"INFOPLIST_KEY_UIStatusBarStyle[sdk=iphoneos*]" = UIStatusBarStyleDefault;
				"INFOPLIST_KEY_UIStatusBarStyle[sdk=iphonesimulator*]" = UIStatusBarStyleDefault;
				INFOPLIST_KEY_UISupportedInterfaceOrientations_iPad = "UIInterfaceOrientationPortrait UIInterfaceOrientationPortraitUpsideDown UIInterfaceOrientationLandscapeLeft UIInterfaceOrientationLandscapeRight";
				INFOPLIST_KEY_UISupportedInterfaceOrientations_iPhone = "UIInterfaceOrientationPortrait UIInterfaceOrientationLandscapeLeft UIInterfaceOrientationLandscapeRight";
				IPHONEOS_DEPLOYMENT_TARGET = 17.2;
				LD_RUNPATH_SEARCH_PATHS = "@executable_path/Frameworks";
				"LD_RUNPATH_SEARCH_PATHS[sdk=macosx*]" = "@executable_path/../Frameworks";
				MACOSX_DEPLOYMENT_TARGET = 14.0;
				MARKETING_VERSION = 1.0;
				PRODUCT_BUNDLE_IDENTIFIER = "com.Pilltastic.MC2-Team3-Pilling";
				PRODUCT_NAME = "$(TARGET_NAME)";
				SDKROOT = auto;
				SUPPORTED_PLATFORMS = "iphoneos iphonesimulator macosx";
				SWIFT_EMIT_LOC_STRINGS = YES;
				SWIFT_VERSION = 5.0;
				TARGETED_DEVICE_FAMILY = "1,2";
			};
			name = Release;
		};
/* End XCBuildConfiguration section */

/* Begin XCConfigurationList section */
		1B65305A2BFB8A0C00452ACB /* Build configuration list for PBXNativeTarget "LiveTimeWidgetExtension" */ = {
			isa = XCConfigurationList;
			buildConfigurations = (
				1B65305B2BFB8A0C00452ACB /* Debug */,
				1B65305C2BFB8A0C00452ACB /* Release */,
			);
			defaultConfigurationIsVisible = 0;
			defaultConfigurationName = Release;
		};
		939C87D72BF307B600572EDC /* Build configuration list for PBXProject "MC2-Team3-Pilling" */ = {
			isa = XCConfigurationList;
			buildConfigurations = (
				939C87EB2BF307B800572EDC /* Debug */,
				939C87EC2BF307B800572EDC /* Release */,
			);
			defaultConfigurationIsVisible = 0;
			defaultConfigurationName = Release;
		};
		939C87ED2BF307B800572EDC /* Build configuration list for PBXNativeTarget "MC2-Team3-Pilling" */ = {
			isa = XCConfigurationList;
			buildConfigurations = (
				939C87EE2BF307B800572EDC /* Debug */,
				939C87EF2BF307B800572EDC /* Release */,
			);
			defaultConfigurationIsVisible = 0;
			defaultConfigurationName = Release;
		};
/* End XCConfigurationList section */
	};
	rootObject = 939C87D42BF307B600572EDC /* Project object */;
}
